
Microsoft Visual Studio Solution File, Format Version 12.00
# Visual Studio Version 17
VisualStudioVersion = 17.14.36414.22 d17.14
MinimumVisualStudioVersion = 10.0.40219.1
Project("{FAE04EC0-301F-11D3-BF4B-00C04F79EFBC}") = "8_prac_JWT", "8_prac_JWT\8_prac_JWT.csproj", "{51AC256B-C466-41C6-9CCD-888B2D27074E}"
EndProject
Global
	GlobalSection(SolutionConfigurationPlatforms) = preSolution
		Debug|Any CPU = Debug|Any CPU
		Release|Any CPU = Release|Any CPU
	EndGlobalSection
	GlobalSection(ProjectConfigurationPlatforms) = postSolution
		{51AC256B-C466-41C6-9CCD-888B2D27074E}.Debug|Any CPU.ActiveCfg = Debug|Any CPU
		{51AC256B-C466-41C6-9CCD-888B2D27074E}.Debug|Any CPU.Build.0 = Debug|Any CPU
		{51AC256B-C466-41C6-9CCD-888B2D27074E}.Release|Any CPU.ActiveCfg = Release|Any CPU
		{51AC256B-C466-41C6-9CCD-888B2D27074E}.Release|Any CPU.Build.0 = Release|Any CPU
	EndGlobalSection
	GlobalSection(SolutionProperties) = preSolution
		HideSolutionNode = FALSE
	EndGlobalSection
	GlobalSection(ExtensibilityGlobals) = postSolution
		SolutionGuid = {EB469F43-920E-4B53-BF9C-74298B0A0419}
	EndGlobalSection
EndGlobal
